// !$*UTF8*$!
{
	archiveVersion = 1;
	classes = {
	};
	objectVersion = 77;
	objects = {

/* Begin PBXBuildFile section */
		BD5081332D9724C3007F25E6 /* FoodItem+CoreDataClass.swift in Sources */ = {isa = PBXBuildFile; fileRef = BD5081312D9724C3007F25E6 /* FoodItem+CoreDataClass.swift */; };
		BD5081342D9724C3007F25E6 /* FoodItem+CoreDataProperties.swift in Sources */ = {isa = PBXBuildFile; fileRef = BD5081322D9724C3007F25E6 /* FoodItem+CoreDataProperties.swift */; };
		BD5081352D9724C3007F25E6 /* FoodEntry+CoreDataProperties.swift in Sources */ = {isa = PBXBuildFile; fileRef = BD5081302D9724C3007F25E6 /* FoodEntry+CoreDataProperties.swift */; };
		BD5081362D9724C3007F25E6 /* FoodEntry+CoreDataClass.swift in Sources */ = {isa = PBXBuildFile; fileRef = BD50812F2D9724C3007F25E6 /* FoodEntry+CoreDataClass.swift */; };
		BD5081392D9967FC007F25E6 /* DailyTotal+CoreDataProperties.swift in Sources */ = {isa = PBXBuildFile; fileRef = BD5081382D9967FC007F25E6 /* DailyTotal+CoreDataProperties.swift */; };
		BD50813A2D9967FC007F25E6 /* DailyTotal+CoreDataClass.swift in Sources */ = {isa = PBXBuildFile; fileRef = BD5081372D9967FC007F25E6 /* DailyTotal+CoreDataClass.swift */; };
		BDA41D202D95FB0D00FC6124 /* Model.xcdatamodeld in Sources */ = {isa = PBXBuildFile; fileRef = BDA41D1E2D95FB0D00FC6124 /* Model.xcdatamodeld */; };
/* End PBXBuildFile section */

/* Begin PBXFileReference section */
		BD50812F2D9724C3007F25E6 /* FoodEntry+CoreDataClass.swift */ = {isa = PBXFileReference; lastKnownFileType = sourcecode.swift; path = "FoodEntry+CoreDataClass.swift"; sourceTree = "<group>"; };
		BD5081302D9724C3007F25E6 /* FoodEntry+CoreDataProperties.swift */ = {isa = PBXFileReference; lastKnownFileType = sourcecode.swift; path = "FoodEntry+CoreDataProperties.swift"; sourceTree = "<group>"; };
		BD5081312D9724C3007F25E6 /* FoodItem+CoreDataClass.swift */ = {isa = PBXFileReference; lastKnownFileType = sourcecode.swift; path = "FoodItem+CoreDataClass.swift"; sourceTree = "<group>"; };
		BD5081322D9724C3007F25E6 /* FoodItem+CoreDataProperties.swift */ = {isa = PBXFileReference; lastKnownFileType = sourcecode.swift; path = "FoodItem+CoreDataProperties.swift"; sourceTree = "<group>"; };
		BD5081372D9967FC007F25E6 /* DailyTotal+CoreDataClass.swift */ = {isa = PBXFileReference; lastKnownFileType = sourcecode.swift; path = "DailyTotal+CoreDataClass.swift"; sourceTree = "<group>"; };
		BD5081382D9967FC007F25E6 /* DailyTotal+CoreDataProperties.swift */ = {isa = PBXFileReference; lastKnownFileType = sourcecode.swift; path = "DailyTotal+CoreDataProperties.swift"; sourceTree = "<group>"; };
		BDA41D072D95F40B00FC6124 /* FoodTrack.app */ = {isa = PBXFileReference; explicitFileType = wrapper.application; includeInIndex = 0; path = FoodTrack.app; sourceTree = BUILT_PRODUCTS_DIR; };
		BDA41D1F2D95FB0D00FC6124 /* Model.xcdatamodel */ = {isa = PBXFileReference; lastKnownFileType = wrapper.xcdatamodel; path = Model.xcdatamodel; sourceTree = "<group>"; };
/* End PBXFileReference section */

/* Begin PBXFileSystemSynchronizedBuildFileExceptionSet section */
		BDA41D1A2D95F96100FC6124 /* Exceptions for "FoodTrack" folder in "FoodTrack" target */ = {
			isa = PBXFileSystemSynchronizedBuildFileExceptionSet;
			membershipExceptions = (
				Info.plist,
			);
			target = BDA41D062D95F40B00FC6124 /* FoodTrack */;
		};
/* End PBXFileSystemSynchronizedBuildFileExceptionSet section */

/* Begin PBXFileSystemSynchronizedRootGroup section */
		BDA41D092D95F40B00FC6124 /* FoodTrack */ = {
			isa = PBXFileSystemSynchronizedRootGroup;
			exceptions = (
				BDA41D1A2D95F96100FC6124 /* Exceptions for "FoodTrack" folder in "FoodTrack" target */,
			);
			path = FoodTrack;
			sourceTree = "<group>";
		};
/* End PBXFileSystemSynchronizedRootGroup section */

/* Begin PBXFrameworksBuildPhase section */
		BDA41D042D95F40B00FC6124 /* Frameworks */ = {
			isa = PBXFrameworksBuildPhase;
			buildActionMask = 2147483647;
			files = (
			);
			runOnlyForDeploymentPostprocessing = 0;
		};
/* End PBXFrameworksBuildPhase section */

/* Begin PBXGroup section */
		BDA41CFE2D95F40B00FC6124 = {
			isa = PBXGroup;
			children = (
				BD5081372D9967FC007F25E6 /* DailyTotal+CoreDataClass.swift */,
				BD5081382D9967FC007F25E6 /* DailyTotal+CoreDataProperties.swift */,
				BD50812F2D9724C3007F25E6 /* FoodEntry+CoreDataClass.swift */,
				BD5081302D9724C3007F25E6 /* FoodEntry+CoreDataProperties.swift */,
				BD5081312D9724C3007F25E6 /* FoodItem+CoreDataClass.swift */,
				BD5081322D9724C3007F25E6 /* FoodItem+CoreDataProperties.swift */,
				BDA41D1E2D95FB0D00FC6124 /* Model.xcdatamodeld */,
				BDA41D092D95F40B00FC6124 /* FoodTrack */,
				BDA41D082D95F40B00FC6124 /* Products */,
			);
			sourceTree = "<group>";
		};
		BDA41D082D95F40B00FC6124 /* Products */ = {
			isa = PBXGroup;
			children = (
				BDA41D072D95F40B00FC6124 /* FoodTrack.app */,
			);
			name = Products;
			sourceTree = "<group>";
		};
/* End PBXGroup section */

/* Begin PBXNativeTarget section */
		BDA41D062D95F40B00FC6124 /* FoodTrack */ = {
			isa = PBXNativeTarget;
			buildConfigurationList = BDA41D152D95F40C00FC6124 /* Build configuration list for PBXNativeTarget "FoodTrack" */;
			buildPhases = (
				BDA41D032D95F40B00FC6124 /* Sources */,
				BDA41D042D95F40B00FC6124 /* Frameworks */,
				BDA41D052D95F40B00FC6124 /* Resources */,
			);
			buildRules = (
			);
			dependencies = (
			);
			fileSystemSynchronizedGroups = (
				BDA41D092D95F40B00FC6124 /* FoodTrack */,
			);
			name = FoodTrack;
			packageProductDependencies = (
			);
			productName = FoodTrack;
			productReference = BDA41D072D95F40B00FC6124 /* FoodTrack.app */;
			productType = "com.apple.product-type.application";
		};
/* End PBXNativeTarget section */

/* Begin PBXProject section */
		BDA41CFF2D95F40B00FC6124 /* Project object */ = {
			isa = PBXProject;
			attributes = {
				BuildIndependentTargetsInParallel = 1;
				LastSwiftUpdateCheck = 1620;
				LastUpgradeCheck = 1620;
				TargetAttributes = {
					BDA41D062D95F40B00FC6124 = {
						CreatedOnToolsVersion = 16.2;
					};
				};
			};
			buildConfigurationList = BDA41D022D95F40B00FC6124 /* Build configuration list for PBXProject "FoodTrack" */;
			developmentRegion = en;
			hasScannedForEncodings = 0;
			knownRegions = (
				en,
				Base,
			);
			mainGroup = BDA41CFE2D95F40B00FC6124;
			minimizedProjectReferenceProxies = 1;
			preferredProjectObjectVersion = 77;
			productRefGroup = BDA41D082D95F40B00FC6124 /* Products */;
			projectDirPath = "";
			projectRoot = "";
			targets = (
				BDA41D062D95F40B00FC6124 /* FoodTrack */,
			);
		};
/* End PBXProject section */

/* Begin PBXResourcesBuildPhase section */
		BDA41D052D95F40B00FC6124 /* Resources */ = {
			isa = PBXResourcesBuildPhase;
			buildActionMask = 2147483647;
			files = (
			);
			runOnlyForDeploymentPostprocessing = 0;
		};
/* End PBXResourcesBuildPhase section */

/* Begin PBXSourcesBuildPhase section */
		BDA41D032D95F40B00FC6124 /* Sources */ = {
			isa = PBXSourcesBuildPhase;
			buildActionMask = 2147483647;
			files = (
				BD5081392D9967FC007F25E6 /* DailyTotal+CoreDataProperties.swift in Sources */,
				BD50813A2D9967FC007F25E6 /* DailyTotal+CoreDataClass.swift in Sources */,
				BDA41D202D95FB0D00FC6124 /* Model.xcdatamodeld in Sources */,
				BD5081332D9724C3007F25E6 /* FoodItem+CoreDataClass.swift in Sources */,
				BD5081342D9724C3007F25E6 /* FoodItem+CoreDataProperties.swift in Sources */,
				BD5081352D9724C3007F25E6 /* FoodEntry+CoreDataProperties.swift in Sources */,
				BD5081362D9724C3007F25E6 /* FoodEntry+CoreDataClass.swift in Sources */,
			);
			runOnlyForDeploymentPostprocessing = 0;
		};
/* End PBXSourcesBuildPhase section */

/* Begin XCBuildConfiguration section */
		BDA41D132D95F40C00FC6124 /* Debug */ = {
			isa = XCBuildConfiguration;
			buildSettings = {
				ALWAYS_SEARCH_USER_PATHS = NO;
				ASSETCATALOG_COMPILER_GENERATE_SWIFT_ASSET_SYMBOL_EXTENSIONS = YES;
				CLANG_ANALYZER_NONNULL = YES;
				CLANG_ANALYZER_NUMBER_OBJECT_CONVERSION = YES_AGGRESSIVE;
				CLANG_CXX_LANGUAGE_STANDARD = "gnu++20";
				CLANG_ENABLE_MODULES = YES;
				CLANG_ENABLE_OBJC_ARC = YES;
				CLANG_ENABLE_OBJC_WEAK = YES;
				CLANG_WARN_BLOCK_CAPTURE_AUTORELEASING = YES;
				CLANG_WARN_BOOL_CONVERSION = YES;
				CLANG_WARN_COMMA = YES;
				CLANG_WARN_CONSTANT_CONVERSION = YES;
				CLANG_WARN_DEPRECATED_OBJC_IMPLEMENTATIONS = YES;
				CLANG_WARN_DIRECT_OBJC_ISA_USAGE = YES_ERROR;
				CLANG_WARN_DOCUMENTATION_COMMENTS = YES;
				CLANG_WARN_EMPTY_BODY = YES;
				CLANG_WARN_ENUM_CONVERSION = YES;
				CLANG_WARN_INFINITE_RECURSION = YES;
				CLANG_WARN_INT_CONVERSION = YES;
				CLANG_WARN_NON_LITERAL_NULL_CONVERSION = YES;
				CLANG_WARN_OBJC_IMPLICIT_RETAIN_SELF = YES;
				CLANG_WARN_OBJC_LITERAL_CONVERSION = YES;
				CLANG_WARN_OBJC_ROOT_CLASS = YES_ERROR;
				CLANG_WARN_QUOTED_INCLUDE_IN_FRAMEWORK_HEADER = YES;
				CLANG_WARN_RANGE_LOOP_ANALYSIS = YES;
				CLANG_WARN_STRICT_PROTOTYPES = YES;
				CLANG_WARN_SUSPICIOUS_MOVE = YES;
				CLANG_WARN_UNGUARDED_AVAILABILITY = YES_AGGRESSIVE;
				CLANG_WARN_UNREACHABLE_CODE = YES;
				CLANG_WARN__DUPLICATE_METHOD_MATCH = YES;
				COPY_PHASE_STRIP = NO;
				DEBUG_INFORMATION_FORMAT = dwarf;
				ENABLE_STRICT_OBJC_MSGSEND = YES;
				ENABLE_TESTABILITY = YES;
				ENABLE_USER_SCRIPT_SANDBOXING = YES;
				GCC_C_LANGUAGE_STANDARD = gnu17;
				GCC_DYNAMIC_NO_PIC = NO;
				GCC_NO_COMMON_BLOCKS = YES;
				GCC_OPTIMIZATION_LEVEL = 0;
				GCC_PREPROCESSOR_DEFINITIONS = (
					"DEBUG=1",
					"$(inherited)",
				);
				GCC_WARN_64_TO_32_BIT_CONVERSION = YES;
				GCC_WARN_ABOUT_RETURN_TYPE = YES_ERROR;
				GCC_WARN_UNDECLARED_SELECTOR = YES;
				GCC_WARN_UNINITIALIZED_AUTOS = YES_AGGRESSIVE;
				GCC_WARN_UNUSED_FUNCTION = YES;
				GCC_WARN_UNUSED_VARIABLE = YES;
				IPHONEOS_DEPLOYMENT_TARGET = 18.2;
				LOCALIZATION_PREFERS_STRING_CATALOGS = YES;
				MTL_ENABLE_DEBUG_INFO = INCLUDE_SOURCE;
				MTL_FAST_MATH = YES;
				ONLY_ACTIVE_ARCH = YES;
				SDKROOT = iphoneos;
				SWIFT_ACTIVE_COMPILATION_CONDITIONS = "DEBUG $(inherited)";
				SWIFT_OPTIMIZATION_LEVEL = "-Onone";
			};
			name = Debug;
		};
		BDA41D142D95F40C00FC6124 /* Release */ = {
			isa = XCBuildConfiguration;
			buildSettings = {
				ALWAYS_SEARCH_USER_PATHS = NO;
				ASSETCATALOG_COMPILER_GENERATE_SWIFT_ASSET_SYMBOL_EXTENSIONS = YES;
				CLANG_ANALYZER_NONNULL = YES;
				CLANG_ANALYZER_NUMBER_OBJECT_CONVERSION = YES_AGGRESSIVE;
				CLANG_CXX_LANGUAGE_STANDARD = "gnu++20";
				CLANG_ENABLE_MODULES = YES;
				CLANG_ENABLE_OBJC_ARC = YES;
				CLANG_ENABLE_OBJC_WEAK = YES;
				CLANG_WARN_BLOCK_CAPTURE_AUTORELEASING = YES;
				CLANG_WARN_BOOL_CONVERSION = YES;
				CLANG_WARN_COMMA = YES;
				CLANG_WARN_CONSTANT_CONVERSION = YES;
				CLANG_WARN_DEPRECATED_OBJC_IMPLEMENTATIONS = YES;
				CLANG_WARN_DIRECT_OBJC_ISA_USAGE = YES_ERROR;
				CLANG_WARN_DOCUMENTATION_COMMENTS = YES;
				CLANG_WARN_EMPTY_BODY = YES;
				CLANG_WARN_ENUM_CONVERSION = YES;
				CLANG_WARN_INFINITE_RECURSION = YES;
				CLANG_WARN_INT_CONVERSION = YES;
				CLANG_WARN_NON_LITERAL_NULL_CONVERSION = YES;
				CLANG_WARN_OBJC_IMPLICIT_RETAIN_SELF = YES;
				CLANG_WARN_OBJC_LITERAL_CONVERSION = YES;
				CLANG_WARN_OBJC_ROOT_CLASS = YES_ERROR;
				CLANG_WARN_QUOTED_INCLUDE_IN_FRAMEWORK_HEADER = YES;
				CLANG_WARN_RANGE_LOOP_ANALYSIS = YES;
				CLANG_WARN_STRICT_PROTOTYPES = YES;
				CLANG_WARN_SUSPICIOUS_MOVE = YES;
				CLANG_WARN_UNGUARDED_AVAILABILITY = YES_AGGRESSIVE;
				CLANG_WARN_UNREACHABLE_CODE = YES;
				CLANG_WARN__DUPLICATE_METHOD_MATCH = YES;
				COPY_PHASE_STRIP = NO;
				DEBUG_INFORMATION_FORMAT = "dwarf-with-dsym";
				ENABLE_NS_ASSERTIONS = NO;
				ENABLE_STRICT_OBJC_MSGSEND = YES;
				ENABLE_USER_SCRIPT_SANDBOXING = YES;
				GCC_C_LANGUAGE_STANDARD = gnu17;
				GCC_NO_COMMON_BLOCKS = YES;
				GCC_WARN_64_TO_32_BIT_CONVERSION = YES;
				GCC_WARN_ABOUT_RETURN_TYPE = YES_ERROR;
				GCC_WARN_UNDECLARED_SELECTOR = YES;
				GCC_WARN_UNINITIALIZED_AUTOS = YES_AGGRESSIVE;
				GCC_WARN_UNUSED_FUNCTION = YES;
				GCC_WARN_UNUSED_VARIABLE = YES;
				IPHONEOS_DEPLOYMENT_TARGET = 18.2;
				LOCALIZATION_PREFERS_STRING_CATALOGS = YES;
				MTL_ENABLE_DEBUG_INFO = NO;
				MTL_FAST_MATH = YES;
				SDKROOT = iphoneos;
				SWIFT_COMPILATION_MODE = wholemodule;
				VALIDATE_PRODUCT = YES;
			};
			name = Release;
		};
		BDA41D162D95F40C00FC6124 /* Debug */ = {
			isa = XCBuildConfiguration;
			buildSettings = {
				ASSETCATALOG_COMPILER_APPICON_NAME = AppIcon;
				ASSETCATALOG_COMPILER_GLOBAL_ACCENT_COLOR_NAME = AccentColor;
				CODE_SIGN_ENTITLEMENTS = FoodTrack/FoodTrack.entitlements;
				CODE_SIGN_STYLE = Automatic;
				CURRENT_PROJECT_VERSION = 1;
				DEVELOPMENT_ASSET_PATHS = "\"FoodTrack/Preview Content\"";
				DEVELOPMENT_TEAM = TW9L7PWQWG;
				ENABLE_PREVIEWS = YES;
				GENERATE_INFOPLIST_FILE = YES;
				INFOPLIST_FILE = FoodTrack/Info.plist;
				INFOPLIST_KEY_UIApplicationSceneManifest_Generation = YES;
				INFOPLIST_KEY_UIApplicationSupportsIndirectInputEvents = YES;
				INFOPLIST_KEY_UILaunchScreen_Generation = YES;
				INFOPLIST_KEY_UISupportedInterfaceOrientations_iPad = "UIInterfaceOrientationPortrait UIInterfaceOrientationPortraitUpsideDown UIInterfaceOrientationLandscapeLeft UIInterfaceOrientationLandscapeRight";
				INFOPLIST_KEY_UISupportedInterfaceOrientations_iPhone = "UIInterfaceOrientationPortrait UIInterfaceOrientationLandscapeLeft UIInterfaceOrientationLandscapeRight";
				LD_RUNPATH_SEARCH_PATHS = (
					"$(inherited)",
					"@executable_path/Frameworks",
				);
				MARKETING_VERSION = 1.0;
				PRODUCT_BUNDLE_IDENTIFIER = me.morel.raphael.FoodTrack;
				PRODUCT_NAME = "$(TARGET_NAME)";
				SWIFT_EMIT_LOC_STRINGS = YES;
				SWIFT_VERSION = 5.0;
				TARGETED_DEVICE_FAMILY = "1,2";
			};
			name = Debug;
		};
		BDA41D172D95F40C00FC6124 /* Release */ = {
			isa = XCBuildConfiguration;
			buildSettings = {
				ASSETCATALOG_COMPILER_APPICON_NAME = AppIcon;
				ASSETCATALOG_COMPILER_GLOBAL_ACCENT_COLOR_NAME = AccentColor;
				CODE_SIGN_ENTITLEMENTS = FoodTrack/FoodTrack.entitlements;
				CODE_SIGN_STYLE = Automatic;
				CURRENT_PROJECT_VERSION = 1;
				DEVELOPMENT_ASSET_PATHS = "\"FoodTrack/Preview Content\"";
				DEVELOPMENT_TEAM = TW9L7PWQWG;
				ENABLE_PREVIEWS = YES;
				GENERATE_INFOPLIST_FILE = YES;
				INFOPLIST_FILE = FoodTrack/Info.plist;
				INFOPLIST_KEY_UIApplicationSceneManifest_Generation = YES;
				INFOPLIST_KEY_UIApplicationSupportsIndirectInputEvents = YES;
				INFOPLIST_KEY_UILaunchScreen_Generation = YES;
				INFOPLIST_KEY_UISupportedInterfaceOrientations_iPad = "UIInterfaceOrientationPortrait UIInterfaceOrientationPortraitUpsideDown UIInterfaceOrientationLandscapeLeft UIInterfaceOrientationLandscapeRight";
				INFOPLIST_KEY_UISupportedInterfaceOrientations_iPhone = "UIInterfaceOrientationPortrait UIInterfaceOrientationLandscapeLeft UIInterfaceOrientationLandscapeRight";
				LD_RUNPATH_SEARCH_PATHS = (
					"$(inherited)",
					"@executable_path/Frameworks",
				);
				MARKETING_VERSION = 1.0;
				PRODUCT_BUNDLE_IDENTIFIER = me.morel.raphael.FoodTrack;
				PRODUCT_NAME = "$(TARGET_NAME)";
				SWIFT_EMIT_LOC_STRINGS = YES;
				SWIFT_VERSION = 5.0;
				TARGETED_DEVICE_FAMILY = "1,2";
			};
			name = Release;
		};
/* End XCBuildConfiguration section */

/* Begin XCConfigurationList section */
		BDA41D022D95F40B00FC6124 /* Build configuration list for PBXProject "FoodTrack" */ = {
			isa = XCConfigurationList;
			buildConfigurations = (
				BDA41D132D95F40C00FC6124 /* Debug */,
				BDA41D142D95F40C00FC6124 /* Release */,
			);
			defaultConfigurationIsVisible = 0;
			defaultConfigurationName = Release;
		};
		BDA41D152D95F40C00FC6124 /* Build configuration list for PBXNativeTarget "FoodTrack" */ = {
			isa = XCConfigurationList;
			buildConfigurations = (
				BDA41D162D95F40C00FC6124 /* Debug */,
				BDA41D172D95F40C00FC6124 /* Release */,
			);
			defaultConfigurationIsVisible = 0;
			defaultConfigurationName = Release;
		};
/* End XCConfigurationList section */

/* Begin XCVersionGroup section */
		BDA41D1E2D95FB0D00FC6124 /* Model.xcdatamodeld */ = {
			isa = XCVersionGroup;
			children = (
				BDA41D1F2D95FB0D00FC6124 /* Model.xcdatamodel */,
			);
			currentVersion = BDA41D1F2D95FB0D00FC6124 /* Model.xcdatamodel */;
			path = Model.xcdatamodeld;
			sourceTree = "<group>";
			usesTabs = 0;
			versionGroupType = wrapper.xcdatamodel;
		};
/* End XCVersionGroup section */
	};
	rootObject = BDA41CFF2D95F40B00FC6124 /* Project object */;
}
